
Microsoft Visual Studio Solution File, Format Version 12.00
# Visual Studio 15
VisualStudioVersion = 15.0.28010.2048
MinimumVisualStudioVersion = 10.0.40219.1
Project("{9A19103F-16F7-4668-BE54-9A1E7A4F7556}") = "DataingApp.API", "DataingApp.API.csproj", "{4D7A87D5-0322-43C1-9B46-BC64B1A326BA}"
EndProject
Global
	GlobalSection(SolutionConfigurationPlatforms) = preSolution
		Debug|Any CPU = Debug|Any CPU
		Release|Any CPU = Release|Any CPU
	EndGlobalSection
	GlobalSection(ProjectConfigurationPlatforms) = postSolution
		{4D7A87D5-0322-43C1-9B46-BC64B1A326BA}.Debug|Any CPU.ActiveCfg = Debug|Any CPU
		{4D7A87D5-0322-43C1-9B46-BC64B1A326BA}.Debug|Any CPU.Build.0 = Debug|Any CPU
		{4D7A87D5-0322-43C1-9B46-BC64B1A326BA}.Release|Any CPU.ActiveCfg = Release|Any CPU
		{4D7A87D5-0322-43C1-9B46-BC64B1A326BA}.Release|Any CPU.Build.0 = Release|Any CPU
	EndGlobalSection
	GlobalSection(SolutionProperties) = preSolution
		HideSolutionNode = FALSE
	EndGlobalSection
	GlobalSection(ExtensibilityGlobals) = postSolution
		SolutionGuid = {BBF66F9E-CFBE-464C-9F20-C7CA3F40BF5E}
	EndGlobalSection
EndGlobal
